{
  "name": "kuaiqiming",
  "version": "1.0.0",
  "lockfileVersion": 2,
  "requires": true,
  "packages": {
    "": {
      "version": "1.0.0",
      "license": "ISC",
      "dependencies": {
        "moment": "^2.29.1",
        "sha1": "^1.1.1"
      }
    },
    "node_modules/charenc": {
      "version": "0.0.2",
      "resolved": "https://registry.npm.taobao.org/charenc/download/charenc-0.0.2.tgz",
      "integrity": "sha1-/qD8UwPxXkKhmc=",
      "engines": {
        "node": "*"
      }
    },
    "node_modules/crypt": {
      "version": "0.0.2",
      "resolved": "https://registry.nlark.com/crypt/download/crypt-0.0.2.tgz",
      "integrity": "sha1-iNf/=",
      "engines": {
        "node": "*"
      }
    },
    "node_modules/moment": {
      "version": "2.29.1",
      "resolved": "https://registry.npm.taobao.org/moment/download/moment-2.29.1.tgz",
      "integrity": "sha1-=",
      "engines": {
        "node": "*"
      }
    },
    "node_modules/sha1": {
      "version": "1.1.1",
      "resolved": "https://registry.npm.taobao.org/sha1/download/sha1-1.1.1.tgz",
      "integrity": "sha1-+Eg=",
      "dependencies": {
        "charenc": ">= 0.0.1",
        "crypt": ">= 0.0.1"
      },
      "engines": {
        "node": "*"
      }
    }
  },
  "dependencies": {
    "charenc": {
      "version": "0.0.2",
      "resolved": "https://registry.npm.taobao.org/charenc/download/charenc-0.0.2.tgz",
      "integrity": "sha1-/qD8UwPxXkKhmc="
    },
    "crypt": {
      "version": "0.0.2",
      "resolved": "https://registry.nlark.com/crypt/download/crypt-0.0.2.tgz",
      "integrity": "sha1-iNf/="
    },
    "moment": {
      "version": "2.29.1",
      "resolved": "https://registry.npm.taobao.org/moment/download/moment-2.29.1.tgz",
      "integrity": "sha1-="
    },
    "sha1": {
      "version": "1.1.1",
      "resolved": "https://registry.npm.taobao.org/sha1/download/sha1-1.1.1.tgz",
      "integrity": "sha1-+Eg=",
      "requires": {
        "charenc": ">= 0.0.1",
        "crypt": ">= 0.0.1"
      }
    }
  }
}
